{
  "name": "tryfsharp.fsbolero.io",
  "version": "1.0.0",
  "lockfileVersion": 1,
  "requires": true,
  "dependencies": {
    "@fortawesome/fontawesome-free": {
      "version": "5.9.0",
      "resolved": "https://registry.npmjs.org/@fortawesome/fontawesome-free/-/fontawesome-free-5.9.0.tgz",
      "integrity": "sha512-g795BBEzM/Hq2SYNPm/NQTIp3IWd4eXSH0ds87Na2jnrAUFX3wkyZAI4Gwj9DOaWMuz2/01i8oWI7P7T/XLkhg==",
      "dev": true
    },
    "bulma": {
      "version": "0.7.5",
      "resolved": "https://registry.npmjs.org/bulma/-/bulma-0.7.5.tgz",
      "integrity": "sha512-cX98TIn0I6sKba/DhW0FBjtaDpxTelU166pf7ICXpCCuplHWyu6C9LYZmL5PEsnePIeJaiorsTEzzNk3Tsm1hw==",
      "dev": true
    },
    "bulma-quickview": {
      "version": "2.0.0",
      "resolved": "https://registry.npmjs.org/bulma-quickview/-/bulma-quickview-2.0.0.tgz",
      "integrity": "sha512-EJq9XYcJ+pG94FIYgw9AI2NoRDRjQX/Iua0H3iIJq4C3D+4sVOCg/Y+I7gd/G0v7fez/qvKX/S+91UZqaTmXSQ==",
      "dev": true
    }
  }
}
